
Microsoft Visual Studio Solution File, Format Version 12.00
Project("{FAE04EC0-301F-11D3-BF4B-00C04F79EFBC}") = "BlackMesaLauncher", "BlackMesaLauncher\BlackMesaLauncher.csproj", "{BE3F71B9-CA39-4435-9C21-C163C4FDD6BC}"
EndProject
Global
	GlobalSection(SolutionConfigurationPlatforms) = preSolution
		Debug|Any CPU = Debug|Any CPU
		Release|Any CPU = Release|Any CPU
	EndGlobalSection
	GlobalSection(ProjectConfigurationPlatforms) = postSolution
		{BE3F71B9-CA39-4435-9C21-C163C4FDD6BC}.Debug|Any CPU.ActiveCfg = Debug|Any CPU
		{BE3F71B9-CA39-4435-9C21-C163C4FDD6BC}.Debug|Any CPU.Build.0 = Debug|Any CPU
		{BE3F71B9-CA39-4435-9C21-C163C4FDD6BC}.Release|Any CPU.ActiveCfg = Release|Any CPU
		{BE3F71B9-CA39-4435-9C21-C163C4FDD6BC}.Release|Any CPU.Build.0 = Release|Any CPU
	EndGlobalSection
EndGlobal
